uuid: e8c225c4-3712-42f0-8044-5cd37aa1ab70
langcode: en
status: true
dependencies:
  module:
    - gaviasthemer
    - twitter_block
  theme:
    - gavias_edupia
third_party_settings:
  gaviasthemer:
    classes: ''
id: gavias_edupia_twitterblock
theme: gavias_edupia
region: footer_third
weight: 0
provider: null
plugin: twitter_block
settings:
  id: twitter_block
  label: 'Twitter block'
  label_display: visible
  provider: twitter_block
  username: gaviasthemes
  theme: dark
  link_color: fff
  width: ''
  height: ''
  chrome:
    noheader: noheader
    nofooter: nofooter
    noborders: noborders
    noscrollbar: noscrollbar
    transparent: transparent
  border_color: ''
  language: ''
  tweet_limit: '2'
  related: ''
  polite: assertive
visibility: {  }
